
Microsoft Visual Studio Solution File, Format Version 12.00
# Visual Studio Version 16
VisualStudioVersion = 16.0.31205.134
MinimumVisualStudioVersion = 10.0.40219.1
Project("{E24C65DC-7377-472B-9ABA-BC803B73C61A}") = "Memory_ Game", ".", "{BEE93884-0540-41FC-AC67-B3AB2316E8E2}"
	ProjectSection(WebsiteProperties) = preProject
		TargetFrameworkMoniker = ".NETFramework,Version%3Dv4.0"
		Debug.AspNetCompiler.VirtualPath = "/localhost_58420"
		Debug.AspNetCompiler.PhysicalPath = "..\..\..\Desktop\PeopleCert Bootcamp\net-projects\Memory_ Game\"
		Debug.AspNetCompiler.TargetPath = "PrecompiledWeb\localhost_58420\"
		Debug.AspNetCompiler.Updateable = "true"
		Debug.AspNetCompiler.ForceOverwrite = "true"
		Debug.AspNetCompiler.FixedNames = "false"
		Debug.AspNetCompiler.Debug = "True"
		Release.AspNetCompiler.VirtualPath = "/localhost_58420"
		Release.AspNetCompiler.PhysicalPath = "..\..\..\Desktop\PeopleCert Bootcamp\net-projects\Memory_ Game\"
		Release.AspNetCompiler.TargetPath = "PrecompiledWeb\localhost_58420\"
		Release.AspNetCompiler.Updateable = "true"
		Release.AspNetCompiler.ForceOverwrite = "true"
		Release.AspNetCompiler.FixedNames = "false"
		Release.AspNetCompiler.Debug = "False"
		VWDPort = "58420"
	EndProjectSection
EndProject
Global
	GlobalSection(SolutionConfigurationPlatforms) = preSolution
		Debug|Any CPU = Debug|Any CPU
	EndGlobalSection
	GlobalSection(ProjectConfigurationPlatforms) = postSolution
		{BEE93884-0540-41FC-AC67-B3AB2316E8E2}.Debug|Any CPU.ActiveCfg = Debug|Any CPU
		{BEE93884-0540-41FC-AC67-B3AB2316E8E2}.Debug|Any CPU.Build.0 = Debug|Any CPU
	EndGlobalSection
	GlobalSection(SolutionProperties) = preSolution
		HideSolutionNode = FALSE
	EndGlobalSection
	GlobalSection(ExtensibilityGlobals) = postSolution
		SolutionGuid = {087716D6-BF90-442C-867D-2DC99484ED51}
	EndGlobalSection
EndGlobal
